
Microsoft Visual Studio Solution File, Format Version 12.00
# Visual Studio Version 17
VisualStudioVersion = 17.4.33122.133
MinimumVisualStudioVersion = 10.0.40219.1
Project("{FAE04EC0-301F-11D3-BF4B-00C04F79EFBC}") = "proj_Bestock", "proj_Bestock\proj_Bestock.csproj", "{58204BE9-A651-44AF-B787-D611434D59FA}"
EndProject
Global
	GlobalSection(SolutionConfigurationPlatforms) = preSolution
		Debug|Any CPU = Debug|Any CPU
		Release|Any CPU = Release|Any CPU
	EndGlobalSection
	GlobalSection(ProjectConfigurationPlatforms) = postSolution
		{58204BE9-A651-44AF-B787-D611434D59FA}.Debug|Any CPU.ActiveCfg = Debug|Any CPU
		{58204BE9-A651-44AF-B787-D611434D59FA}.Debug|Any CPU.Build.0 = Debug|Any CPU
		{58204BE9-A651-44AF-B787-D611434D59FA}.Release|Any CPU.ActiveCfg = Release|Any CPU
		{58204BE9-A651-44AF-B787-D611434D59FA}.Release|Any CPU.Build.0 = Release|Any CPU
	EndGlobalSection
	GlobalSection(SolutionProperties) = preSolution
		HideSolutionNode = FALSE
	EndGlobalSection
	GlobalSection(ExtensibilityGlobals) = postSolution
		SolutionGuid = {8A4228C4-19DB-4FB6-B378-C4C7DEE2AAC7}
	EndGlobalSection
EndGlobal
